
Microsoft Visual Studio Solution File, Format Version 12.00
# Visual Studio Version 16
VisualStudioVersion = 25.0.1706.0
MinimumVisualStudioVersion = 10.0.40219.1
Project("{FAE04EC0-301F-11D3-BF4B-00C04F79EFBC}") = "gb2midi", "gb2midi\gb2midi.csproj", "{A406423D-7566-4AA9-AB4A-1DE6019620CC}"
EndProject
Global
	GlobalSection(SolutionConfigurationPlatforms) = preSolution
		Debug|Any CPU = Debug|Any CPU
		Release|Any CPU = Release|Any CPU
	EndGlobalSection
	GlobalSection(ProjectConfigurationPlatforms) = postSolution
		{A406423D-7566-4AA9-AB4A-1DE6019620CC}.Debug|Any CPU.ActiveCfg = Debug|Any CPU
		{A406423D-7566-4AA9-AB4A-1DE6019620CC}.Debug|Any CPU.Build.0 = Debug|Any CPU
		{A406423D-7566-4AA9-AB4A-1DE6019620CC}.Release|Any CPU.ActiveCfg = Release|Any CPU
		{A406423D-7566-4AA9-AB4A-1DE6019620CC}.Release|Any CPU.Build.0 = Release|Any CPU
	EndGlobalSection
	GlobalSection(SolutionProperties) = preSolution
		HideSolutionNode = FALSE
	EndGlobalSection
	GlobalSection(ExtensibilityGlobals) = postSolution
		SolutionGuid = {81D663B9-D6EE-42F9-8F9E-D2EBCF68482C}
	EndGlobalSection
EndGlobal
